
Microsoft Visual Studio Solution File, Format Version 12.00
# Visual Studio Version 16
VisualStudioVersion = 16.0.28803.352
MinimumVisualStudioVersion = 10.0.40219.1
Project("{FAE04EC0-301F-11D3-BF4B-00C04F79EFBC}") = "Cloud64", "Cloud64\Cloud64.csproj", "{2ECF59CE-7A25-4950-A972-F72F0925D844}"
EndProject
Global
	GlobalSection(SolutionConfigurationPlatforms) = preSolution
		Debug|Any CPU = Debug|Any CPU
		Release|Any CPU = Release|Any CPU
	EndGlobalSection
	GlobalSection(ProjectConfigurationPlatforms) = postSolution
		{2ECF59CE-7A25-4950-A972-F72F0925D844}.Debug|Any CPU.ActiveCfg = Debug|Any CPU
		{2ECF59CE-7A25-4950-A972-F72F0925D844}.Debug|Any CPU.Build.0 = Debug|Any CPU
		{2ECF59CE-7A25-4950-A972-F72F0925D844}.Release|Any CPU.ActiveCfg = Release|Any CPU
		{2ECF59CE-7A25-4950-A972-F72F0925D844}.Release|Any CPU.Build.0 = Release|Any CPU
	EndGlobalSection
	GlobalSection(SolutionProperties) = preSolution
		HideSolutionNode = FALSE
	EndGlobalSection
	GlobalSection(ExtensibilityGlobals) = postSolution
		SolutionGuid = {C73D4618-74EE-4202-A482-8A05129C34D9}
	EndGlobalSection
EndGlobal
